
Microsoft Visual Studio Solution File, Format Version 12.00
# Visual Studio 14
VisualStudioVersion = 14.0.25420.1
MinimumVisualStudioVersion = 10.0.40219.1
Project("{2150E333-8FDC-42A3-9474-1A3956D46DE8}") = "Negocios", "Negocios", "{D3DB5205-A40E-42AE-BF23-82EC139AB013}"
EndProject
Project("{2150E333-8FDC-42A3-9474-1A3956D46DE8}") = "Datos", "Datos", "{B3351952-F1DA-4844-84AC-A21D6D28B68D}"
EndProject
Project("{2150E333-8FDC-42A3-9474-1A3956D46DE8}") = "Presentacion", "Presentacion", "{3A79640F-ACD3-4C94-8C39-1A263A2433EA}"
EndProject
Project("{FAE04EC0-301F-11D3-BF4B-00C04F79EFBC}") = "Administracion.Servicio", "Administracion.Servicio\Administracion.Servicio.csproj", "{3AAE6C33-35F2-4CF7-BB6C-BE0D1D1D2CE2}"
EndProject
Project("{FAE04EC0-301F-11D3-BF4B-00C04F79EFBC}") = "Administracion.Repositorio", "Administracion.Repositorio\Administracion.Repositorio.csproj", "{2CF60696-1F30-445F-9258-20FD53EFDAC4}"
EndProject
Project("{FAE04EC0-301F-11D3-BF4B-00C04F79EFBC}") = "Administracion.Modelos", "Administracion.Modelos\Administracion.Modelos.csproj", "{079F7884-C75F-4545-A259-F289C390F879}"
EndProject
Project("{FAE04EC0-301F-11D3-BF4B-00C04F79EFBC}") = "Administracion.OTD", "Administracion.OTD\Administracion.OTD.csproj", "{5D9AFC3C-A984-44CA-830F-471F3492F9FA}"
EndProject
Project("{FAE04EC0-301F-11D3-BF4B-00C04F79EFBC}") = "Administracion.Enum", "Administracion.Enum\Administracion.Enum.csproj", "{BC898C85-2CA8-44C9-9B4E-A898D8E0CC30}"
EndProject
Project("{FAE04EC0-301F-11D3-BF4B-00C04F79EFBC}") = "Administracion.Presentacion", "Administracion.Presentacion\Administracion.Presentacion.csproj", "{1FBAD677-1EB3-4FE0-8DA5-755FEDB4C3BB}"
EndProject
Project("{FAE04EC0-301F-11D3-BF4B-00C04F79EFBC}") = "Administracion.Contratos", "Administracion.Contratos\Administracion.Contratos.csproj", "{79B23613-9EB1-407C-B83A-82528675EFDD}"
EndProject
Project("{FAE04EC0-301F-11D3-BF4B-00C04F79EFBC}") = "Administracion.Utilidades", "Administracion.Utilidades\Administracion.Utilidades.csproj", "{2B10D614-EA60-468A-B4C3-7FB6EB10FD54}"
EndProject
Project("{2150E333-8FDC-42A3-9474-1A3956D46DE8}") = "Librerias", "Librerias", "{BAE9FB62-F8BE-4109-8075-169784ED69AE}"
	ProjectSection(SolutionItems) = preProject
		Librerias\Biometrico.IrisCamara.dll = Librerias\Biometrico.IrisCamara.dll
		Librerias\FbF.Client.dll = Librerias\FbF.Client.dll
		Librerias\FBF.Communication.dll = Librerias\FBF.Communication.dll
		Librerias\FBF.Messages.dll = Librerias\FBF.Messages.dll
		Librerias\FbF.WPF.ClientControl.dll = Librerias\FbF.WPF.ClientControl.dll
		Librerias\Interop.iCAMT10ControlAxLib.dll = Librerias\Interop.iCAMT10ControlAxLib.dll
	EndProjectSection
EndProject
Project("{FAE04EC0-301F-11D3-BF4B-00C04F79EFBC}") = "Administracion.Api", "Administracion.Api\Administracion.Api.csproj", "{87D9B8AB-E2B6-44B8-B0E4-41D9C3254033}"
EndProject
Project("{FAE04EC0-301F-11D3-BF4B-00C04F79EFBC}") = "Administracion.Cliente", "Administracion.Cliente\Administracion.Cliente.csproj", "{187A9C36-F321-4698-BD36-E18B59A0A607}"
EndProject
Project("{2150E333-8FDC-42A3-9474-1A3956D46DE8}") = "Publicaciones", "Publicaciones", "{C41DE011-E2C5-41C4-9671-7E85A46C2F1B}"
EndProject
Project("{2150E333-8FDC-42A3-9474-1A3956D46DE8}") = "Nugets", "Nugets", "{5C05CA06-F208-4C81-8BD3-0D462C071393}"
EndProject
Project("{2150E333-8FDC-42A3-9474-1A3956D46DE8}") = "Administracion.Cliente", "Administracion.Cliente", "{E2888781-6964-44D8-B5B3-E70E05C29A51}"
EndProject
Project("{FAE04EC0-301F-11D3-BF4B-00C04F79EFBC}") = "Administracion.Enrolamiento", "Administracion.Enrolamiento\Administracion.Enrolamiento.csproj", "{7076150F-C07A-41DE-8906-EE3A86B67AD6}"
EndProject
Project("{FAE04EC0-301F-11D3-BF4B-00C04F79EFBC}") = "Administracion.Servicio.Tests", "Administracion.Servicio.Tests\Administracion.Servicio.Tests.csproj", "{009D7567-6C00-423D-8801-C3B9550437FF}"
EndProject
Project("{2150E333-8FDC-42A3-9474-1A3956D46DE8}") = "Testing", "Testing", "{D0D2DC92-B7CD-4F61-995D-FE711CE48022}"
EndProject
Project("{2150E333-8FDC-42A3-9474-1A3956D46DE8}") = "Servicios", "Servicios", "{77937BC3-A865-43AD-8243-14247E09BA97}"
EndProject
Project("{FAE04EC0-301F-11D3-BF4B-00C04F79EFBC}") = "SSPE.Services.CamManager", "SSPE.Services.CamManager\SSPE.Services.CamManager.csproj", "{34731217-C993-42C1-979C-51371A01438B}"
EndProject
Project("{FAE04EC0-301F-11D3-BF4B-00C04F79EFBC}") = "SSPE.Service.CamManager.Test", "SSPE.Service.CamManager.Test\SSPE.Service.CamManager.Test.csproj", "{678D2574-5580-4F1F-A1F8-B7788C424468}"
EndProject
Project("{FAE04EC0-301F-11D3-BF4B-00C04F79EFBC}") = "SSPE.Tools.iCam7000Wrapper", "SSPE.Tools\SSPE.Tools.iCam7000Wrapper.csproj", "{17C56584-DDCF-46DF-8176-448A260065FC}"
EndProject
Global
	GlobalSection(SolutionConfigurationPlatforms) = preSolution
		Debug|Any CPU = Debug|Any CPU
		Release|Any CPU = Release|Any CPU
	EndGlobalSection
	GlobalSection(ProjectConfigurationPlatforms) = postSolution
		{3AAE6C33-35F2-4CF7-BB6C-BE0D1D1D2CE2}.Debug|Any CPU.ActiveCfg = Debug|Any CPU
		{3AAE6C33-35F2-4CF7-BB6C-BE0D1D1D2CE2}.Debug|Any CPU.Build.0 = Debug|Any CPU
		{3AAE6C33-35F2-4CF7-BB6C-BE0D1D1D2CE2}.Release|Any CPU.ActiveCfg = Release|Any CPU
		{3AAE6C33-35F2-4CF7-BB6C-BE0D1D1D2CE2}.Release|Any CPU.Build.0 = Release|Any CPU
		{2CF60696-1F30-445F-9258-20FD53EFDAC4}.Debug|Any CPU.ActiveCfg = Debug|Any CPU
		{2CF60696-1F30-445F-9258-20FD53EFDAC4}.Debug|Any CPU.Build.0 = Debug|Any CPU
		{2CF60696-1F30-445F-9258-20FD53EFDAC4}.Release|Any CPU.ActiveCfg = Release|Any CPU
		{2CF60696-1F30-445F-9258-20FD53EFDAC4}.Release|Any CPU.Build.0 = Release|Any CPU
		{079F7884-C75F-4545-A259-F289C390F879}.Debug|Any CPU.ActiveCfg = Debug|Any CPU
		{079F7884-C75F-4545-A259-F289C390F879}.Debug|Any CPU.Build.0 = Debug|Any CPU
		{079F7884-C75F-4545-A259-F289C390F879}.Release|Any CPU.ActiveCfg = Release|Any CPU
		{079F7884-C75F-4545-A259-F289C390F879}.Release|Any CPU.Build.0 = Release|Any CPU
		{5D9AFC3C-A984-44CA-830F-471F3492F9FA}.Debug|Any CPU.ActiveCfg = Debug|Any CPU
		{5D9AFC3C-A984-44CA-830F-471F3492F9FA}.Debug|Any CPU.Build.0 = Debug|Any CPU
		{5D9AFC3C-A984-44CA-830F-471F3492F9FA}.Release|Any CPU.ActiveCfg = Release|Any CPU
		{5D9AFC3C-A984-44CA-830F-471F3492F9FA}.Release|Any CPU.Build.0 = Release|Any CPU
		{BC898C85-2CA8-44C9-9B4E-A898D8E0CC30}.Debug|Any CPU.ActiveCfg = Debug|Any CPU
		{BC898C85-2CA8-44C9-9B4E-A898D8E0CC30}.Debug|Any CPU.Build.0 = Debug|Any CPU
		{BC898C85-2CA8-44C9-9B4E-A898D8E0CC30}.Release|Any CPU.ActiveCfg = Release|Any CPU
		{BC898C85-2CA8-44C9-9B4E-A898D8E0CC30}.Release|Any CPU.Build.0 = Release|Any CPU
		{1FBAD677-1EB3-4FE0-8DA5-755FEDB4C3BB}.Debug|Any CPU.ActiveCfg = Debug|Any CPU
		{1FBAD677-1EB3-4FE0-8DA5-755FEDB4C3BB}.Debug|Any CPU.Build.0 = Debug|Any CPU
		{1FBAD677-1EB3-4FE0-8DA5-755FEDB4C3BB}.Release|Any CPU.ActiveCfg = Release|Any CPU
		{1FBAD677-1EB3-4FE0-8DA5-755FEDB4C3BB}.Release|Any CPU.Build.0 = Release|Any CPU
		{79B23613-9EB1-407C-B83A-82528675EFDD}.Debug|Any CPU.ActiveCfg = Debug|Any CPU
		{79B23613-9EB1-407C-B83A-82528675EFDD}.Debug|Any CPU.Build.0 = Debug|Any CPU
		{79B23613-9EB1-407C-B83A-82528675EFDD}.Release|Any CPU.ActiveCfg = Release|Any CPU
		{79B23613-9EB1-407C-B83A-82528675EFDD}.Release|Any CPU.Build.0 = Release|Any CPU
		{2B10D614-EA60-468A-B4C3-7FB6EB10FD54}.Debug|Any CPU.ActiveCfg = Debug|Any CPU
		{2B10D614-EA60-468A-B4C3-7FB6EB10FD54}.Debug|Any CPU.Build.0 = Debug|Any CPU
		{2B10D614-EA60-468A-B4C3-7FB6EB10FD54}.Release|Any CPU.ActiveCfg = Release|Any CPU
		{2B10D614-EA60-468A-B4C3-7FB6EB10FD54}.Release|Any CPU.Build.0 = Release|Any CPU
		{87D9B8AB-E2B6-44B8-B0E4-41D9C3254033}.Debug|Any CPU.ActiveCfg = Debug|Any CPU
		{87D9B8AB-E2B6-44B8-B0E4-41D9C3254033}.Debug|Any CPU.Build.0 = Debug|Any CPU
		{87D9B8AB-E2B6-44B8-B0E4-41D9C3254033}.Release|Any CPU.ActiveCfg = Release|Any CPU
		{87D9B8AB-E2B6-44B8-B0E4-41D9C3254033}.Release|Any CPU.Build.0 = Release|Any CPU
		{187A9C36-F321-4698-BD36-E18B59A0A607}.Debug|Any CPU.ActiveCfg = Debug|Any CPU
		{187A9C36-F321-4698-BD36-E18B59A0A607}.Debug|Any CPU.Build.0 = Debug|Any CPU
		{187A9C36-F321-4698-BD36-E18B59A0A607}.Release|Any CPU.ActiveCfg = Release|Any CPU
		{187A9C36-F321-4698-BD36-E18B59A0A607}.Release|Any CPU.Build.0 = Release|Any CPU
		{7076150F-C07A-41DE-8906-EE3A86B67AD6}.Debug|Any CPU.ActiveCfg = Debug|Any CPU
		{7076150F-C07A-41DE-8906-EE3A86B67AD6}.Debug|Any CPU.Build.0 = Debug|Any CPU
		{7076150F-C07A-41DE-8906-EE3A86B67AD6}.Release|Any CPU.ActiveCfg = Release|Any CPU
		{7076150F-C07A-41DE-8906-EE3A86B67AD6}.Release|Any CPU.Build.0 = Release|Any CPU
		{009D7567-6C00-423D-8801-C3B9550437FF}.Debug|Any CPU.ActiveCfg = Debug|Any CPU
		{009D7567-6C00-423D-8801-C3B9550437FF}.Debug|Any CPU.Build.0 = Debug|Any CPU
		{009D7567-6C00-423D-8801-C3B9550437FF}.Release|Any CPU.ActiveCfg = Release|Any CPU
		{009D7567-6C00-423D-8801-C3B9550437FF}.Release|Any CPU.Build.0 = Release|Any CPU
		{34731217-C993-42C1-979C-51371A01438B}.Debug|Any CPU.ActiveCfg = Debug|Any CPU
		{34731217-C993-42C1-979C-51371A01438B}.Debug|Any CPU.Build.0 = Debug|Any CPU
		{34731217-C993-42C1-979C-51371A01438B}.Release|Any CPU.ActiveCfg = Release|Any CPU
		{34731217-C993-42C1-979C-51371A01438B}.Release|Any CPU.Build.0 = Release|Any CPU
		{678D2574-5580-4F1F-A1F8-B7788C424468}.Debug|Any CPU.ActiveCfg = Debug|Any CPU
		{678D2574-5580-4F1F-A1F8-B7788C424468}.Debug|Any CPU.Build.0 = Debug|Any CPU
		{678D2574-5580-4F1F-A1F8-B7788C424468}.Release|Any CPU.ActiveCfg = Release|Any CPU
		{678D2574-5580-4F1F-A1F8-B7788C424468}.Release|Any CPU.Build.0 = Release|Any CPU
		{17C56584-DDCF-46DF-8176-448A260065FC}.Debug|Any CPU.ActiveCfg = Debug|Any CPU
		{17C56584-DDCF-46DF-8176-448A260065FC}.Debug|Any CPU.Build.0 = Debug|Any CPU
		{17C56584-DDCF-46DF-8176-448A260065FC}.Release|Any CPU.ActiveCfg = Release|Any CPU
		{17C56584-DDCF-46DF-8176-448A260065FC}.Release|Any CPU.Build.0 = Release|Any CPU
	EndGlobalSection
	GlobalSection(SolutionProperties) = preSolution
		HideSolutionNode = FALSE
	EndGlobalSection
	GlobalSection(NestedProjects) = preSolution
		{3AAE6C33-35F2-4CF7-BB6C-BE0D1D1D2CE2} = {D3DB5205-A40E-42AE-BF23-82EC139AB013}
		{2CF60696-1F30-445F-9258-20FD53EFDAC4} = {B3351952-F1DA-4844-84AC-A21D6D28B68D}
		{079F7884-C75F-4545-A259-F289C390F879} = {B3351952-F1DA-4844-84AC-A21D6D28B68D}
		{5D9AFC3C-A984-44CA-830F-471F3492F9FA} = {B3351952-F1DA-4844-84AC-A21D6D28B68D}
		{BC898C85-2CA8-44C9-9B4E-A898D8E0CC30} = {D3DB5205-A40E-42AE-BF23-82EC139AB013}
		{1FBAD677-1EB3-4FE0-8DA5-755FEDB4C3BB} = {3A79640F-ACD3-4C94-8C39-1A263A2433EA}
		{79B23613-9EB1-407C-B83A-82528675EFDD} = {D3DB5205-A40E-42AE-BF23-82EC139AB013}
		{2B10D614-EA60-468A-B4C3-7FB6EB10FD54} = {D3DB5205-A40E-42AE-BF23-82EC139AB013}
		{87D9B8AB-E2B6-44B8-B0E4-41D9C3254033} = {D3DB5205-A40E-42AE-BF23-82EC139AB013}
		{187A9C36-F321-4698-BD36-E18B59A0A607} = {D3DB5205-A40E-42AE-BF23-82EC139AB013}
		{5C05CA06-F208-4C81-8BD3-0D462C071393} = {C41DE011-E2C5-41C4-9671-7E85A46C2F1B}
		{E2888781-6964-44D8-B5B3-E70E05C29A51} = {5C05CA06-F208-4C81-8BD3-0D462C071393}
		{7076150F-C07A-41DE-8906-EE3A86B67AD6} = {3A79640F-ACD3-4C94-8C39-1A263A2433EA}
		{009D7567-6C00-423D-8801-C3B9550437FF} = {D0D2DC92-B7CD-4F61-995D-FE711CE48022}
		{34731217-C993-42C1-979C-51371A01438B} = {77937BC3-A865-43AD-8243-14247E09BA97}
		{678D2574-5580-4F1F-A1F8-B7788C424468} = {D0D2DC92-B7CD-4F61-995D-FE711CE48022}
		{17C56584-DDCF-46DF-8176-448A260065FC} = {D3DB5205-A40E-42AE-BF23-82EC139AB013}
	EndGlobalSection
	GlobalSection(ExtensibilityGlobals) = postSolution
		VisualSVNWorkingCopyRoot = .
	EndGlobalSection
EndGlobal
